
Microsoft Visual Studio Solution File, Format Version 12.00
# Visual Studio 15
VisualStudioVersion = 15.0.28307.645
MinimumVisualStudioVersion = 10.0.40219.1
Project("{FAE04EC0-301F-11D3-BF4B-00C04F79EFBC}") = "PracticasNet", "ConsoleApp1\PracticasNet.csproj", "{529997CB-9512-40BD-871D-70CA24D2BDC7}"
EndProject
Global
	GlobalSection(SolutionConfigurationPlatforms) = preSolution
		Debug|Any CPU = Debug|Any CPU
		Release|Any CPU = Release|Any CPU
	EndGlobalSection
	GlobalSection(ProjectConfigurationPlatforms) = postSolution
		{529997CB-9512-40BD-871D-70CA24D2BDC7}.Debug|Any CPU.ActiveCfg = Debug|Any CPU
		{529997CB-9512-40BD-871D-70CA24D2BDC7}.Debug|Any CPU.Build.0 = Debug|Any CPU
		{529997CB-9512-40BD-871D-70CA24D2BDC7}.Release|Any CPU.ActiveCfg = Release|Any CPU
		{529997CB-9512-40BD-871D-70CA24D2BDC7}.Release|Any CPU.Build.0 = Release|Any CPU
	EndGlobalSection
	GlobalSection(SolutionProperties) = preSolution
		HideSolutionNode = FALSE
	EndGlobalSection
	GlobalSection(ExtensibilityGlobals) = postSolution
		SolutionGuid = {331AB5DA-5646-4718-8A8D-C953EDB460A7}
	EndGlobalSection
EndGlobal
